
Microsoft Visual Studio Solution File, Format Version 12.00
# Visual Studio Version 17
VisualStudioVersion = 17.2.32526.322
MinimumVisualStudioVersion = 10.0.40219.1
Project("{FAE04EC0-301F-11D3-BF4B-00C04F79EFBC}") = "AzeriChat", "AzeriChat\AzeriChat.csproj", "{73DFF3BD-0A79-42D1-9419-4755A51BCE44}"
EndProject
Global
	GlobalSection(SolutionConfigurationPlatforms) = preSolution
		Debug|Any CPU = Debug|Any CPU
		Release|Any CPU = Release|Any CPU
	EndGlobalSection
	GlobalSection(ProjectConfigurationPlatforms) = postSolution
		{73DFF3BD-0A79-42D1-9419-4755A51BCE44}.Debug|Any CPU.ActiveCfg = Debug|Any CPU
		{73DFF3BD-0A79-42D1-9419-4755A51BCE44}.Debug|Any CPU.Build.0 = Debug|Any CPU
		{73DFF3BD-0A79-42D1-9419-4755A51BCE44}.Release|Any CPU.ActiveCfg = Release|Any CPU
		{73DFF3BD-0A79-42D1-9419-4755A51BCE44}.Release|Any CPU.Build.0 = Release|Any CPU
	EndGlobalSection
	GlobalSection(SolutionProperties) = preSolution
		HideSolutionNode = FALSE
	EndGlobalSection
	GlobalSection(ExtensibilityGlobals) = postSolution
		SolutionGuid = {455955A0-DECD-4E6B-9CB0-0FAD56A32259}
	EndGlobalSection
EndGlobal
